{
  "name": "angular-oauth2-oidc-jwks",
  "version": "10.2.1",
  "lockfileVersion": 1,
  "requires": true,
  "dependencies": {
    "jsrsasign": {
      "version": "8.0.24",
      "resolved": "https://registry.npmjs.org/jsrsasign/-/jsrsasign-8.0.24.tgz",
      "integrity": "sha512-u45jAyusqUpyGbFc2IbHoeE4rSkoBWQgLe/w99temHenX+GyCz4nflU5sjK7ajU1ffZTezl6le7u43Yjr/lkQg=="
    },
    "tslib": {
      "version": "2.6.1",
      "resolved": "https://registry.npmjs.org/tslib/-/tslib-2.6.1.tgz",
      "integrity": "sha512-t0hLfiEKfMUoqhG+U1oid7Pva4bbDPHYfJNiB7BiIjRkj1pyC++4N3huJfqY6aRH6VTB0rvtzQwjM4K6qpfOig=="
    }
  }
}
